
Microsoft Visual Studio Solution File, Format Version 12.00
# Visual Studio 15
VisualStudioVersion = 15.0.28010.2003
MinimumVisualStudioVersion = 10.0.40219.1
Project("{FAE04EC0-301F-11D3-BF4B-00C04F79EFBC}") = "MultiSpideyWinForms", "MultiSpideyWinForms\MultiSpideyWinForms.csproj", "{D7FA4CAE-0A0E-4972-B945-2987B602A0B1}"
EndProject
Project("{FAE04EC0-301F-11D3-BF4B-00C04F79EFBC}") = "SpideyCheatParser", "SpideyCheatParser\SpideyCheatParser.csproj", "{DA286FCB-80A1-46D7-BF16-A71F95BF659D}"
EndProject
Global
	GlobalSection(SolutionConfigurationPlatforms) = preSolution
		Debug|Any CPU = Debug|Any CPU
		Debug|x64 = Debug|x64
		Debug|x86 = Debug|x86
		Release|Any CPU = Release|Any CPU
		Release|x64 = Release|x64
		Release|x86 = Release|x86
	EndGlobalSection
	GlobalSection(ProjectConfigurationPlatforms) = postSolution
		{D7FA4CAE-0A0E-4972-B945-2987B602A0B1}.Debug|Any CPU.ActiveCfg = Debug|Any CPU
		{D7FA4CAE-0A0E-4972-B945-2987B602A0B1}.Debug|Any CPU.Build.0 = Debug|Any CPU
		{D7FA4CAE-0A0E-4972-B945-2987B602A0B1}.Debug|x64.ActiveCfg = Debug|x64
		{D7FA4CAE-0A0E-4972-B945-2987B602A0B1}.Debug|x64.Build.0 = Debug|x64
		{D7FA4CAE-0A0E-4972-B945-2987B602A0B1}.Debug|x86.ActiveCfg = Debug|x86
		{D7FA4CAE-0A0E-4972-B945-2987B602A0B1}.Debug|x86.Build.0 = Debug|x86
		{D7FA4CAE-0A0E-4972-B945-2987B602A0B1}.Release|Any CPU.ActiveCfg = Release|Any CPU
		{D7FA4CAE-0A0E-4972-B945-2987B602A0B1}.Release|Any CPU.Build.0 = Release|Any CPU
		{D7FA4CAE-0A0E-4972-B945-2987B602A0B1}.Release|x64.ActiveCfg = Release|x64
		{D7FA4CAE-0A0E-4972-B945-2987B602A0B1}.Release|x64.Build.0 = Release|x64
		{D7FA4CAE-0A0E-4972-B945-2987B602A0B1}.Release|x86.ActiveCfg = Release|x86
		{D7FA4CAE-0A0E-4972-B945-2987B602A0B1}.Release|x86.Build.0 = Release|x86
		{DA286FCB-80A1-46D7-BF16-A71F95BF659D}.Debug|Any CPU.ActiveCfg = Debug|Any CPU
		{DA286FCB-80A1-46D7-BF16-A71F95BF659D}.Debug|Any CPU.Build.0 = Debug|Any CPU
		{DA286FCB-80A1-46D7-BF16-A71F95BF659D}.Debug|x64.ActiveCfg = Debug|Any CPU
		{DA286FCB-80A1-46D7-BF16-A71F95BF659D}.Debug|x64.Build.0 = Debug|Any CPU
		{DA286FCB-80A1-46D7-BF16-A71F95BF659D}.Debug|x86.ActiveCfg = Debug|Any CPU
		{DA286FCB-80A1-46D7-BF16-A71F95BF659D}.Debug|x86.Build.0 = Debug|Any CPU
		{DA286FCB-80A1-46D7-BF16-A71F95BF659D}.Release|Any CPU.ActiveCfg = Release|Any CPU
		{DA286FCB-80A1-46D7-BF16-A71F95BF659D}.Release|Any CPU.Build.0 = Release|Any CPU
		{DA286FCB-80A1-46D7-BF16-A71F95BF659D}.Release|x64.ActiveCfg = Release|Any CPU
		{DA286FCB-80A1-46D7-BF16-A71F95BF659D}.Release|x64.Build.0 = Release|Any CPU
		{DA286FCB-80A1-46D7-BF16-A71F95BF659D}.Release|x86.ActiveCfg = Release|Any CPU
		{DA286FCB-80A1-46D7-BF16-A71F95BF659D}.Release|x86.Build.0 = Release|Any CPU
	EndGlobalSection
	GlobalSection(SolutionProperties) = preSolution
		HideSolutionNode = FALSE
	EndGlobalSection
	GlobalSection(ExtensibilityGlobals) = postSolution
		SolutionGuid = {3D61BEA2-0D15-4535-A1DE-6D347BF9AC2D}
	EndGlobalSection
EndGlobal
